# This file is autogenerated, do not edit; changes may be undone by the next 'dep ensure'.


[[projects]]
  name = "github.com/etcd-io/bbolt"
  packages = ["."]
  revision = "583e8937c61f1af6513608ccc75c97b6abdf4ff9"
  version = "v1.3.0"

[[projects]]
  branch = "master"
  name = "github.com/konsorten/go-windows-terminal-sequences"
  packages = ["."]
  revision = "b729f2633dfe35f4d1d8a32385f6685610ce1cb5"

[[projects]]
  name = "github.com/pkg/errors"
  packages = ["."]
  revision = "645ef00459ed84a119197bfb8d8205042c6df63d"
  version = "v0.8.0"

[[projects]]
  name = "github.com/sirupsen/logrus"
  packages = ["."]
  revision = "a67f783a3814b8729bd2dac5780b5f78f8dbd64d"
  version = "v1.1.0"

[[projects]]
  branch = "master"
  name = "golang.org/x/crypto"
  packages = [
    "ripemd160",
    "ssh/terminal"
  ]
  revision = "0e37d006457bf46f9e6692014ba72ef82c33022c"

[[projects]]
  branch = "master"
  name = "golang.org/x/sys"
  packages = [
    "unix",
    "windows"
  ]
  revision = "c2ed4eda69e7f62900806e4cd6e45f0429f859fa"

[solve-meta]
  analyzer-name = "dep"
  analyzer-version = 1
  inputs-digest = "0bb405458326058c250729af553456a1818b76a136340c0a43ac2a58db969ac9"
  solver-name = "gps-cdcl"
  solver-version = 1
